// !$*UTF8*$!
{
	archiveVersion = 1;
	classes = {
	};
	objectVersion = 50;
	objects = {

/* Begin PBXBuildFile section */
		24DA3F9A211F6D9900572C6B /* AppDelegate.m in Sources */ = {isa = PBXBuildFile; fileRef = 24DA3F99211F6D9900572C6B /* AppDelegate.m */; };
		24DA3F9D211F6D9900572C6B /* ViewController.m in Sources */ = {isa = PBXBuildFile; fileRef = 24DA3F9C211F6D9900572C6B /* ViewController.m */; };
		24DA3FA0211F6D9900572C6B /* Main.storyboard in Resources */ = {isa = PBXBuildFile; fileRef = 24DA3F9E211F6D9900572C6B /* Main.storyboard */; };
		24DA3FA2211F6D9B00572C6B /* Assets.xcassets in Resources */ = {isa = PBXBuildFile; fileRef = 24DA3FA1211F6D9B00572C6B /* Assets.xcassets */; };
		24DA3FA5211F6D9B00572C6B /* LaunchScreen.storyboard in Resources */ = {isa = PBXBuildFile; fileRef = 24DA3FA3211F6D9B00572C6B /* LaunchScreen.storyboard */; };
		24DA3FA8211F6D9B00572C6B /* main.m in Sources */ = {isa = PBXBuildFile; fileRef = 24DA3FA7211F6D9B00572C6B /* main.m */; };
		24DA3FB0211F6E1A00572C6B /* SKVCustomPresentationSecondViewController.m in Sources */ = {isa = PBXBuildFile; fileRef = 24DA3FAF211F6E1A00572C6B /* SKVCustomPresentationSecondViewController.m */; };
		24DA3FB3211F716B00572C6B /* SKVCustomPresentationController.m in Sources */ = {isa = PBXBuildFile; fileRef = 24DA3FB2211F716B00572C6B /* SKVCustomPresentationController.m */; };
		24F116CC212096D800EB86F5 /* SKVSideMenuManager.m in Sources */ = {isa = PBXBuildFile; fileRef = 24F116CB212096D800EB86F5 /* SKVSideMenuManager.m */; };
/* End PBXBuildFile section */

/* Begin PBXFileReference section */
		24DA3F95211F6D9900572C6B /* Custom Menu.app */ = {isa = PBXFileReference; explicitFileType = wrapper.application; includeInIndex = 0; path = "Custom Menu.app"; sourceTree = BUILT_PRODUCTS_DIR; };
		24DA3F98211F6D9900572C6B /* AppDelegate.h */ = {isa = PBXFileReference; lastKnownFileType = sourcecode.c.h; path = AppDelegate.h; sourceTree = "<group>"; };
		24DA3F99211F6D9900572C6B /* AppDelegate.m */ = {isa = PBXFileReference; lastKnownFileType = sourcecode.c.objc; path = AppDelegate.m; sourceTree = "<group>"; };
		24DA3F9B211F6D9900572C6B /* ViewController.h */ = {isa = PBXFileReference; lastKnownFileType = sourcecode.c.h; path = ViewController.h; sourceTree = "<group>"; };
		24DA3F9C211F6D9900572C6B /* ViewController.m */ = {isa = PBXFileReference; lastKnownFileType = sourcecode.c.objc; path = ViewController.m; sourceTree = "<group>"; };
		24DA3F9F211F6D9900572C6B /* Base */ = {isa = PBXFileReference; lastKnownFileType = file.storyboard; name = Base; path = Base.lproj/Main.storyboard; sourceTree = "<group>"; };
		24DA3FA1211F6D9B00572C6B /* Assets.xcassets */ = {isa = PBXFileReference; lastKnownFileType = folder.assetcatalog; path = Assets.xcassets; sourceTree = "<group>"; };
		24DA3FA4211F6D9B00572C6B /* Base */ = {isa = PBXFileReference; lastKnownFileType = file.storyboard; name = Base; path = Base.lproj/LaunchScreen.storyboard; sourceTree = "<group>"; };
		24DA3FA6211F6D9B00572C6B /* Info.plist */ = {isa = PBXFileReference; lastKnownFileType = text.plist.xml; path = Info.plist; sourceTree = "<group>"; };
		24DA3FA7211F6D9B00572C6B /* main.m */ = {isa = PBXFileReference; lastKnownFileType = sourcecode.c.objc; path = main.m; sourceTree = "<group>"; };
		24DA3FAE211F6E1A00572C6B /* SKVCustomPresentationSecondViewController.h */ = {isa = PBXFileReference; lastKnownFileType = sourcecode.c.h; path = SKVCustomPresentationSecondViewController.h; sourceTree = "<group>"; };
		24DA3FAF211F6E1A00572C6B /* SKVCustomPresentationSecondViewController.m */ = {isa = PBXFileReference; lastKnownFileType = sourcecode.c.objc; path = SKVCustomPresentationSecondViewController.m; sourceTree = "<group>"; };
		24DA3FB1211F716B00572C6B /* SKVCustomPresentationController.h */ = {isa = PBXFileReference; lastKnownFileType = sourcecode.c.h; path = SKVCustomPresentationController.h; sourceTree = "<group>"; };
		24DA3FB2211F716B00572C6B /* SKVCustomPresentationController.m */ = {isa = PBXFileReference; lastKnownFileType = sourcecode.c.objc; path = SKVCustomPresentationController.m; sourceTree = "<group>"; };
		24F116CA212096D800EB86F5 /* SKVSideMenuManager.h */ = {isa = PBXFileReference; lastKnownFileType = sourcecode.c.h; path = SKVSideMenuManager.h; sourceTree = "<group>"; };
		24F116CB212096D800EB86F5 /* SKVSideMenuManager.m */ = {isa = PBXFileReference; lastKnownFileType = sourcecode.c.objc; path = SKVSideMenuManager.m; sourceTree = "<group>"; };
/* End PBXFileReference section */

/* Begin PBXFrameworksBuildPhase section */
		24DA3F92211F6D9900572C6B /* Frameworks */ = {
			isa = PBXFrameworksBuildPhase;
			buildActionMask = 2147483647;
			files = (
			);
			runOnlyForDeploymentPostprocessing = 0;
		};
/* End PBXFrameworksBuildPhase section */

/* Begin PBXGroup section */
		24DA3F8C211F6D9900572C6B = {
			isa = PBXGroup;
			children = (
				24DA3F97211F6D9900572C6B /* Custom Menu */,
				24DA3F96211F6D9900572C6B /* Products */,
			);
			sourceTree = "<group>";
		};
		24DA3F96211F6D9900572C6B /* Products */ = {
			isa = PBXGroup;
			children = (
				24DA3F95211F6D9900572C6B /* Custom Menu.app */,
			);
			name = Products;
			sourceTree = "<group>";
		};
		24DA3F97211F6D9900572C6B /* Custom Menu */ = {
			isa = PBXGroup;
			children = (
				24DA3F98211F6D9900572C6B /* AppDelegate.h */,
				24DA3F99211F6D9900572C6B /* AppDelegate.m */,
				24DA3F9B211F6D9900572C6B /* ViewController.h */,
				24DA3F9C211F6D9900572C6B /* ViewController.m */,
				24DA3F9E211F6D9900572C6B /* Main.storyboard */,
				24DA3FA1211F6D9B00572C6B /* Assets.xcassets */,
				24DA3FA3211F6D9B00572C6B /* LaunchScreen.storyboard */,
				24DA3FA6211F6D9B00572C6B /* Info.plist */,
				24DA3FA7211F6D9B00572C6B /* main.m */,
				24DA3FAE211F6E1A00572C6B /* SKVCustomPresentationSecondViewController.h */,
				24DA3FAF211F6E1A00572C6B /* SKVCustomPresentationSecondViewController.m */,
				24DA3FB1211F716B00572C6B /* SKVCustomPresentationController.h */,
				24DA3FB2211F716B00572C6B /* SKVCustomPresentationController.m */,
				24F116CA212096D800EB86F5 /* SKVSideMenuManager.h */,
				24F116CB212096D800EB86F5 /* SKVSideMenuManager.m */,
			);
			path = "Custom Menu";
			sourceTree = "<group>";
		};
/* End PBXGroup section */

/* Begin PBXNativeTarget section */
		24DA3F94211F6D9900572C6B /* Custom Menu */ = {
			isa = PBXNativeTarget;
			buildConfigurationList = 24DA3FAB211F6D9B00572C6B /* Build configuration list for PBXNativeTarget "Custom Menu" */;
			buildPhases = (
				24DA3F91211F6D9900572C6B /* Sources */,
				24DA3F92211F6D9900572C6B /* Frameworks */,
				24DA3F93211F6D9900572C6B /* Resources */,
			);
			buildRules = (
			);
			dependencies = (
			);
			name = "Custom Menu";
			productName = "Custom Menu";
			productReference = 24DA3F95211F6D9900572C6B /* Custom Menu.app */;
			productType = "com.apple.product-type.application";
		};
/* End PBXNativeTarget section */

/* Begin PBXProject section */
		24DA3F8D211F6D9900572C6B /* Project object */ = {
			isa = PBXProject;
			attributes = {
				LastUpgradeCheck = 1000;
				ORGANIZATIONNAME = Limitation;
				TargetAttributes = {
					24DA3F94211F6D9900572C6B = {
						CreatedOnToolsVersion = 10.0;
					};
				};
			};
			buildConfigurationList = 24DA3F90211F6D9900572C6B /* Build configuration list for PBXProject "Custom Menu" */;
			compatibilityVersion = "Xcode 9.3";
			developmentRegion = en;
			hasScannedForEncodings = 0;
			knownRegions = (
				en,
				Base,
			);
			mainGroup = 24DA3F8C211F6D9900572C6B;
			productRefGroup = 24DA3F96211F6D9900572C6B /* Products */;
			projectDirPath = "";
			projectRoot = "";
			targets = (
				24DA3F94211F6D9900572C6B /* Custom Menu */,
			);
		};
/* End PBXProject section */

/* Begin PBXResourcesBuildPhase section */
		24DA3F93211F6D9900572C6B /* Resources */ = {
			isa = PBXResourcesBuildPhase;
			buildActionMask = 2147483647;
			files = (
				24DA3FA5211F6D9B00572C6B /* LaunchScreen.storyboard in Resources */,
				24DA3FA2211F6D9B00572C6B /* Assets.xcassets in Resources */,
				24DA3FA0211F6D9900572C6B /* Main.storyboard in Resources */,
			);
			runOnlyForDeploymentPostprocessing = 0;
		};
/* End PBXResourcesBuildPhase section */

/* Begin PBXSourcesBuildPhase section */
		24DA3F91211F6D9900572C6B /* Sources */ = {
			isa = PBXSourcesBuildPhase;
			buildActionMask = 2147483647;
			files = (
				24DA3FB3211F716B00572C6B /* SKVCustomPresentationController.m in Sources */,
				24DA3F9D211F6D9900572C6B /* ViewController.m in Sources */,
				24F116CC212096D800EB86F5 /* SKVSideMenuManager.m in Sources */,
				24DA3FA8211F6D9B00572C6B /* main.m in Sources */,
				24DA3FB0211F6E1A00572C6B /* SKVCustomPresentationSecondViewController.m in Sources */,
				24DA3F9A211F6D9900572C6B /* AppDelegate.m in Sources */,
			);
			runOnlyForDeploymentPostprocessing = 0;
		};
/* End PBXSourcesBuildPhase section */

/* Begin PBXVariantGroup section */
		24DA3F9E211F6D9900572C6B /* Main.storyboard */ = {
			isa = PBXVariantGroup;
			children = (
				24DA3F9F211F6D9900572C6B /* Base */,
			);
			name = Main.storyboard;
			sourceTree = "<group>";
		};
		24DA3FA3211F6D9B00572C6B /* LaunchScreen.storyboard */ = {
			isa = PBXVariantGroup;
			children = (
				24DA3FA4211F6D9B00572C6B /* Base */,
			);
			name = LaunchScreen.storyboard;
			sourceTree = "<group>";
		};
/* End PBXVariantGroup section */

/* Begin XCBuildConfiguration section */
		24DA3FA9211F6D9B00572C6B /* Debug */ = {
			isa = XCBuildConfiguration;
			buildSettings = {
				ALWAYS_SEARCH_USER_PATHS = NO;
				CLANG_ANALYZER_NONNULL = YES;
				CLANG_ANALYZER_NUMBER_OBJECT_CONVERSION = YES_AGGRESSIVE;
				CLANG_CXX_LANGUAGE_STANDARD = "gnu++14";
				CLANG_CXX_LIBRARY = "libc++";
				CLANG_ENABLE_MODULES = YES;
				CLANG_ENABLE_OBJC_ARC = YES;
				CLANG_ENABLE_OBJC_WEAK = YES;
				CLANG_WARN_BLOCK_CAPTURE_AUTORELEASING = YES;
				CLANG_WARN_BOOL_CONVERSION = YES;
				CLANG_WARN_COMMA = YES;
				CLANG_WARN_CONSTANT_CONVERSION = YES;
				CLANG_WARN_DEPRECATED_OBJC_IMPLEMENTATIONS = YES;
				CLANG_WARN_DIRECT_OBJC_ISA_USAGE = YES_ERROR;
				CLANG_WARN_DOCUMENTATION_COMMENTS = YES;
				CLANG_WARN_EMPTY_BODY = YES;
				CLANG_WARN_ENUM_CONVERSION = YES;
				CLANG_WARN_INFINITE_RECURSION = YES;
				CLANG_WARN_INT_CONVERSION = YES;
				CLANG_WARN_NON_LITERAL_NULL_CONVERSION = YES;
				CLANG_WARN_OBJC_IMPLICIT_RETAIN_SELF = YES;
				CLANG_WARN_OBJC_LITERAL_CONVERSION = YES;
				CLANG_WARN_OBJC_ROOT_CLASS = YES_ERROR;
				CLANG_WARN_RANGE_LOOP_ANALYSIS = YES;
				CLANG_WARN_STRICT_PROTOTYPES = YES;
				CLANG_WARN_SUSPICIOUS_MOVE = YES;
				CLANG_WARN_UNGUARDED_AVAILABILITY = YES_AGGRESSIVE;
				CLANG_WARN_UNREACHABLE_CODE = YES;
				CLANG_WARN__DUPLICATE_METHOD_MATCH = YES;
				CODE_SIGN_IDENTITY = "iPhone Developer";
				COPY_PHASE_STRIP = NO;
				DEBUG_INFORMATION_FORMAT = dwarf;
				ENABLE_STRICT_OBJC_MSGSEND = YES;
				ENABLE_TESTABILITY = YES;
				GCC_C_LANGUAGE_STANDARD = gnu11;
				GCC_DYNAMIC_NO_PIC = NO;
				GCC_NO_COMMON_BLOCKS = YES;
				GCC_OPTIMIZATION_LEVEL = 0;
				GCC_PREPROCESSOR_DEFINITIONS = (
					"DEBUG=1",
					"$(inherited)",
				);
				GCC_WARN_64_TO_32_BIT_CONVERSION = YES;
				GCC_WARN_ABOUT_RETURN_TYPE = YES_ERROR;
				GCC_WARN_UNDECLARED_SELECTOR = YES;
				GCC_WARN_UNINITIALIZED_AUTOS = YES_AGGRESSIVE;
				GCC_WARN_UNUSED_FUNCTION = YES;
				GCC_WARN_UNUSED_VARIABLE = YES;
				IPHONEOS_DEPLOYMENT_TARGET = 12.0;
				MTL_ENABLE_DEBUG_INFO = INCLUDE_SOURCE;
				ONLY_ACTIVE_ARCH = YES;
				SDKROOT = iphoneos;
			};
			name = Debug;
		};
		24DA3FAA211F6D9B00572C6B /* Release */ = {
			isa = XCBuildConfiguration;
			buildSettings = {
				ALWAYS_SEARCH_USER_PATHS = NO;
				CLANG_ANALYZER_NONNULL = YES;
				CLANG_ANALYZER_NUMBER_OBJECT_CONVERSION = YES_AGGRESSIVE;
				CLANG_CXX_LANGUAGE_STANDARD = "gnu++14";
				CLANG_CXX_LIBRARY = "libc++";
				CLANG_ENABLE_MODULES = YES;
				CLANG_ENABLE_OBJC_ARC = YES;
				CLANG_ENABLE_OBJC_WEAK = YES;
				CLANG_WARN_BLOCK_CAPTURE_AUTORELEASING = YES;
				CLANG_WARN_BOOL_CONVERSION = YES;
				CLANG_WARN_COMMA = YES;
				CLANG_WARN_CONSTANT_CONVERSION = YES;
				CLANG_WARN_DEPRECATED_OBJC_IMPLEMENTATIONS = YES;
				CLANG_WARN_DIRECT_OBJC_ISA_USAGE = YES_ERROR;
				CLANG_WARN_DOCUMENTATION_COMMENTS = YES;
				CLANG_WARN_EMPTY_BODY = YES;
				CLANG_WARN_ENUM_CONVERSION = YES;
				CLANG_WARN_INFINITE_RECURSION = YES;
				CLANG_WARN_INT_CONVERSION = YES;
				CLANG_WARN_NON_LITERAL_NULL_CONVERSION = YES;
				CLANG_WARN_OBJC_IMPLICIT_RETAIN_SELF = YES;
				CLANG_WARN_OBJC_LITERAL_CONVERSION = YES;
				CLANG_WARN_OBJC_ROOT_CLASS = YES_ERROR;
				CLANG_WARN_RANGE_LOOP_ANALYSIS = YES;
				CLANG_WARN_STRICT_PROTOTYPES = YES;
				CLANG_WARN_SUSPICIOUS_MOVE = YES;
				CLANG_WARN_UNGUARDED_AVAILABILITY = YES_AGGRESSIVE;
				CLANG_WARN_UNREACHABLE_CODE = YES;
				CLANG_WARN__DUPLICATE_METHOD_MATCH = YES;
				CODE_SIGN_IDENTITY = "iPhone Developer";
				COPY_PHASE_STRIP = NO;
				DEBUG_INFORMATION_FORMAT = "dwarf-with-dsym";
				ENABLE_NS_ASSERTIONS = NO;
				ENABLE_STRICT_OBJC_MSGSEND = YES;
				GCC_C_LANGUAGE_STANDARD = gnu11;
				GCC_NO_COMMON_BLOCKS = YES;
				GCC_WARN_64_TO_32_BIT_CONVERSION = YES;
				GCC_WARN_ABOUT_RETURN_TYPE = YES_ERROR;
				GCC_WARN_UNDECLARED_SELECTOR = YES;
				GCC_WARN_UNINITIALIZED_AUTOS = YES_AGGRESSIVE;
				GCC_WARN_UNUSED_FUNCTION = YES;
				GCC_WARN_UNUSED_VARIABLE = YES;
				IPHONEOS_DEPLOYMENT_TARGET = 12.0;
				MTL_ENABLE_DEBUG_INFO = NO;
				SDKROOT = iphoneos;
				VALIDATE_PRODUCT = YES;
			};
			name = Release;
		};
		24DA3FAC211F6D9B00572C6B /* Debug */ = {
			isa = XCBuildConfiguration;
			buildSettings = {
				ASSETCATALOG_COMPILER_APPICON_NAME = AppIcon;
				CODE_SIGN_STYLE = Automatic;
				DEVELOPMENT_TEAM = G42Q9LTDRN;
				INFOPLIST_FILE = "Custom Menu/Info.plist";
				IPHONEOS_DEPLOYMENT_TARGET = 9.0;
				LD_RUNPATH_SEARCH_PATHS = (
					"$(inherited)",
					"@executable_path/Frameworks",
				);
				PRODUCT_BUNDLE_IDENTIFIER = "con.dot.Custom-Menu";
				PRODUCT_NAME = "$(TARGET_NAME)";
				TARGETED_DEVICE_FAMILY = "1,2";
			};
			name = Debug;
		};
		24DA3FAD211F6D9B00572C6B /* Release */ = {
			isa = XCBuildConfiguration;
			buildSettings = {
				ASSETCATALOG_COMPILER_APPICON_NAME = AppIcon;
				CODE_SIGN_STYLE = Automatic;
				DEVELOPMENT_TEAM = G42Q9LTDRN;
				INFOPLIST_FILE = "Custom Menu/Info.plist";
				IPHONEOS_DEPLOYMENT_TARGET = 9.0;
				LD_RUNPATH_SEARCH_PATHS = (
					"$(inherited)",
					"@executable_path/Frameworks",
				);
				PRODUCT_BUNDLE_IDENTIFIER = "con.dot.Custom-Menu";
				PRODUCT_NAME = "$(TARGET_NAME)";
				TARGETED_DEVICE_FAMILY = "1,2";
			};
			name = Release;
		};
/* End XCBuildConfiguration section */

/* Begin XCConfigurationList section */
		24DA3F90211F6D9900572C6B /* Build configuration list for PBXProject "Custom Menu" */ = {
			isa = XCConfigurationList;
			buildConfigurations = (
				24DA3FA9211F6D9B00572C6B /* Debug */,
				24DA3FAA211F6D9B00572C6B /* Release */,
			);
			defaultConfigurationIsVisible = 0;
			defaultConfigurationName = Release;
		};
		24DA3FAB211F6D9B00572C6B /* Build configuration list for PBXNativeTarget "Custom Menu" */ = {
			isa = XCConfigurationList;
			buildConfigurations = (
				24DA3FAC211F6D9B00572C6B /* Debug */,
				24DA3FAD211F6D9B00572C6B /* Release */,
			);
			defaultConfigurationIsVisible = 0;
			defaultConfigurationName = Release;
		};
/* End XCConfigurationList section */
	};
	rootObject = 24DA3F8D211F6D9900572C6B /* Project object */;
}
